// !$*UTF8*$!
{
	archiveVersion = 1;
	classes = {
	};
	objectVersion = 50;
	objects = {

/* Begin PBXBuildFile section */
		346D3D15233BD25D00E44B41 /* AppDelegate.swift in Sources */ = {isa = PBXBuildFile; fileRef = 346D3D14233BD25D00E44B41 /* AppDelegate.swift */; };
		346D3D17233BD25D00E44B41 /* ViewController.swift in Sources */ = {isa = PBXBuildFile; fileRef = 346D3D16233BD25D00E44B41 /* ViewController.swift */; };
		346D3D1A233BD25D00E44B41 /* Main.storyboard in Resources */ = {isa = PBXBuildFile; fileRef = 346D3D18233BD25D00E44B41 /* Main.storyboard */; };
		346D3D1C233BD25F00E44B41 /* Assets.xcassets in Resources */ = {isa = PBXBuildFile; fileRef = 346D3D1B233BD25F00E44B41 /* Assets.xcassets */; };
		346D3D1F233BD25F00E44B41 /* LaunchScreen.storyboard in Resources */ = {isa = PBXBuildFile; fileRef = 346D3D1D233BD25F00E44B41 /* LaunchScreen.storyboard */; };
		346D3D2A233BD25F00E44B41 /* BMIViewModelRxTests.swift in Sources */ = {isa = PBXBuildFile; fileRef = 346D3D29233BD25F00E44B41 /* BMIViewModelRxTests.swift */; };
		346D3D35233BD6F200E44B41 /* BMIViewModel.swift in Sources */ = {isa = PBXBuildFile; fileRef = 346D3D34233BD6F200E44B41 /* BMIViewModel.swift */; };
		346D3D3B233BEE8100E44B41 /* CocktailViewModel.swift in Sources */ = {isa = PBXBuildFile; fileRef = 346D3D3A233BEE8100E44B41 /* CocktailViewModel.swift */; };
		346D3D3D233BEEC200E44B41 /* CocktailModel.swift in Sources */ = {isa = PBXBuildFile; fileRef = 346D3D3C233BEEC200E44B41 /* CocktailModel.swift */; };
		346D3D40233BF02800E44B41 /* CocktailTarget.swift in Sources */ = {isa = PBXBuildFile; fileRef = 346D3D3F233BF02800E44B41 /* CocktailTarget.swift */; };
		34BE57DF23435E4900AEB5AD /* BMIViewModelRx.swift in Sources */ = {isa = PBXBuildFile; fileRef = 34BE57DE23435E4900AEB5AD /* BMIViewModelRx.swift */; };
		34BE57E323436D9900AEB5AD /* BMIViewModelTests.swift in Sources */ = {isa = PBXBuildFile; fileRef = 34BE57E223436D9900AEB5AD /* BMIViewModelTests.swift */; };
		34BE57E523437E0B00AEB5AD /* CocktailViewModelTests.swift in Sources */ = {isa = PBXBuildFile; fileRef = 34BE57E423437E0B00AEB5AD /* CocktailViewModelTests.swift */; };
		34BE57E7234380DB00AEB5AD /* MockDatabaseManager.swift in Sources */ = {isa = PBXBuildFile; fileRef = 34BE57E6234380DB00AEB5AD /* MockDatabaseManager.swift */; };
		34BE57E92343816700AEB5AD /* MockCocktailUsecase.swift in Sources */ = {isa = PBXBuildFile; fileRef = 34BE57E82343816700AEB5AD /* MockCocktailUsecase.swift */; };
		34CD7FD2233C8D6F00D47D0F /* DatabaseManager.swift in Sources */ = {isa = PBXBuildFile; fileRef = 34CD7FD1233C8D6F00D47D0F /* DatabaseManager.swift */; };
		34E35A99233BF2FE004285A5 /* CocktailUsecase.swift in Sources */ = {isa = PBXBuildFile; fileRef = 34E35A98233BF2FE004285A5 /* CocktailUsecase.swift */; };
		34E35A9B233BF3FE004285A5 /* CocktailViewController.swift in Sources */ = {isa = PBXBuildFile; fileRef = 34E35A9A233BF3FE004285A5 /* CocktailViewController.swift */; };
		4EA0A12BFF07F2E9CC703935 /* Pods_UnitTestDemo.framework in Frameworks */ = {isa = PBXBuildFile; fileRef = 11AB16C55715128CEFF6169C /* Pods_UnitTestDemo.framework */; };
		BC9148F0275E5A66F6C57EB0 /* Pods_UnitTestDemoTests.framework in Frameworks */ = {isa = PBXBuildFile; fileRef = 0F2737481F363291082D3FB0 /* Pods_UnitTestDemoTests.framework */; };
/* End PBXBuildFile section */

/* Begin PBXContainerItemProxy section */
		346D3D26233BD25F00E44B41 /* PBXContainerItemProxy */ = {
			isa = PBXContainerItemProxy;
			containerPortal = 346D3D09233BD25D00E44B41 /* Project object */;
			proxyType = 1;
			remoteGlobalIDString = 346D3D10233BD25D00E44B41;
			remoteInfo = UnitTestDemo;
		};
/* End PBXContainerItemProxy section */

/* Begin PBXFileReference section */
		0F2737481F363291082D3FB0 /* Pods_UnitTestDemoTests.framework */ = {isa = PBXFileReference; explicitFileType = wrapper.framework; includeInIndex = 0; path = Pods_UnitTestDemoTests.framework; sourceTree = BUILT_PRODUCTS_DIR; };
		11AB16C55715128CEFF6169C /* Pods_UnitTestDemo.framework */ = {isa = PBXFileReference; explicitFileType = wrapper.framework; includeInIndex = 0; path = Pods_UnitTestDemo.framework; sourceTree = BUILT_PRODUCTS_DIR; };
		2383A232069F45B15135179B /* Pods-UnitTestDemoTests.debug.xcconfig */ = {isa = PBXFileReference; includeInIndex = 1; lastKnownFileType = text.xcconfig; name = "Pods-UnitTestDemoTests.debug.xcconfig"; path = "Pods/Target Support Files/Pods-UnitTestDemoTests/Pods-UnitTestDemoTests.debug.xcconfig"; sourceTree = "<group>"; };
		346D3D11233BD25D00E44B41 /* UnitTestDemo.app */ = {isa = PBXFileReference; explicitFileType = wrapper.application; includeInIndex = 0; path = UnitTestDemo.app; sourceTree = BUILT_PRODUCTS_DIR; };
		346D3D14233BD25D00E44B41 /* AppDelegate.swift */ = {isa = PBXFileReference; lastKnownFileType = sourcecode.swift; path = AppDelegate.swift; sourceTree = "<group>"; };
		346D3D16233BD25D00E44B41 /* ViewController.swift */ = {isa = PBXFileReference; lastKnownFileType = sourcecode.swift; path = ViewController.swift; sourceTree = "<group>"; };
		346D3D19233BD25D00E44B41 /* Base */ = {isa = PBXFileReference; lastKnownFileType = file.storyboard; name = Base; path = Base.lproj/Main.storyboard; sourceTree = "<group>"; };
		346D3D1B233BD25F00E44B41 /* Assets.xcassets */ = {isa = PBXFileReference; lastKnownFileType = folder.assetcatalog; path = Assets.xcassets; sourceTree = "<group>"; };
		346D3D1E233BD25F00E44B41 /* Base */ = {isa = PBXFileReference; lastKnownFileType = file.storyboard; name = Base; path = Base.lproj/LaunchScreen.storyboard; sourceTree = "<group>"; };
		346D3D20233BD25F00E44B41 /* Info.plist */ = {isa = PBXFileReference; lastKnownFileType = text.plist.xml; path = Info.plist; sourceTree = "<group>"; };
		346D3D25233BD25F00E44B41 /* UnitTestDemoTests.xctest */ = {isa = PBXFileReference; explicitFileType = wrapper.cfbundle; includeInIndex = 0; path = UnitTestDemoTests.xctest; sourceTree = BUILT_PRODUCTS_DIR; };
		346D3D29233BD25F00E44B41 /* BMIViewModelRxTests.swift */ = {isa = PBXFileReference; lastKnownFileType = sourcecode.swift; path = BMIViewModelRxTests.swift; sourceTree = "<group>"; };
		346D3D2B233BD25F00E44B41 /* Info.plist */ = {isa = PBXFileReference; lastKnownFileType = text.plist.xml; path = Info.plist; sourceTree = "<group>"; };
		346D3D34233BD6F200E44B41 /* BMIViewModel.swift */ = {isa = PBXFileReference; lastKnownFileType = sourcecode.swift; path = BMIViewModel.swift; sourceTree = "<group>"; };
		346D3D3A233BEE8100E44B41 /* CocktailViewModel.swift */ = {isa = PBXFileReference; lastKnownFileType = sourcecode.swift; path = CocktailViewModel.swift; sourceTree = "<group>"; };
		346D3D3C233BEEC200E44B41 /* CocktailModel.swift */ = {isa = PBXFileReference; lastKnownFileType = sourcecode.swift; path = CocktailModel.swift; sourceTree = "<group>"; };
		346D3D3F233BF02800E44B41 /* CocktailTarget.swift */ = {isa = PBXFileReference; lastKnownFileType = sourcecode.swift; path = CocktailTarget.swift; sourceTree = "<group>"; };
		34BE57DE23435E4900AEB5AD /* BMIViewModelRx.swift */ = {isa = PBXFileReference; lastKnownFileType = sourcecode.swift; path = BMIViewModelRx.swift; sourceTree = "<group>"; };
		34BE57E223436D9900AEB5AD /* BMIViewModelTests.swift */ = {isa = PBXFileReference; lastKnownFileType = sourcecode.swift; path = BMIViewModelTests.swift; sourceTree = "<group>"; };
		34BE57E423437E0B00AEB5AD /* CocktailViewModelTests.swift */ = {isa = PBXFileReference; lastKnownFileType = sourcecode.swift; path = CocktailViewModelTests.swift; sourceTree = "<group>"; };
		34BE57E6234380DB00AEB5AD /* MockDatabaseManager.swift */ = {isa = PBXFileReference; lastKnownFileType = sourcecode.swift; path = MockDatabaseManager.swift; sourceTree = "<group>"; };
		34BE57E82343816700AEB5AD /* MockCocktailUsecase.swift */ = {isa = PBXFileReference; lastKnownFileType = sourcecode.swift; path = MockCocktailUsecase.swift; sourceTree = "<group>"; };
		34CD7FD1233C8D6F00D47D0F /* DatabaseManager.swift */ = {isa = PBXFileReference; lastKnownFileType = sourcecode.swift; path = DatabaseManager.swift; sourceTree = "<group>"; };
		34E35A98233BF2FE004285A5 /* CocktailUsecase.swift */ = {isa = PBXFileReference; lastKnownFileType = sourcecode.swift; path = CocktailUsecase.swift; sourceTree = "<group>"; };
		34E35A9A233BF3FE004285A5 /* CocktailViewController.swift */ = {isa = PBXFileReference; lastKnownFileType = sourcecode.swift; path = CocktailViewController.swift; sourceTree = "<group>"; };
		57FF1237E02C658E37B68476 /* Pods-UnitTestDemo.release.xcconfig */ = {isa = PBXFileReference; includeInIndex = 1; lastKnownFileType = text.xcconfig; name = "Pods-UnitTestDemo.release.xcconfig"; path = "Pods/Target Support Files/Pods-UnitTestDemo/Pods-UnitTestDemo.release.xcconfig"; sourceTree = "<group>"; };
		8E1ECF25474B61D0646701E4 /* Pods-UnitTestDemo.debug.xcconfig */ = {isa = PBXFileReference; includeInIndex = 1; lastKnownFileType = text.xcconfig; name = "Pods-UnitTestDemo.debug.xcconfig"; path = "Pods/Target Support Files/Pods-UnitTestDemo/Pods-UnitTestDemo.debug.xcconfig"; sourceTree = "<group>"; };
		B799BE38E7349561CA5E7AEB /* Pods-UnitTestDemoTests.release.xcconfig */ = {isa = PBXFileReference; includeInIndex = 1; lastKnownFileType = text.xcconfig; name = "Pods-UnitTestDemoTests.release.xcconfig"; path = "Pods/Target Support Files/Pods-UnitTestDemoTests/Pods-UnitTestDemoTests.release.xcconfig"; sourceTree = "<group>"; };
/* End PBXFileReference section */

/* Begin PBXFrameworksBuildPhase section */
		346D3D0E233BD25D00E44B41 /* Frameworks */ = {
			isa = PBXFrameworksBuildPhase;
			buildActionMask = 2147483647;
			files = (
				4EA0A12BFF07F2E9CC703935 /* Pods_UnitTestDemo.framework in Frameworks */,
			);
			runOnlyForDeploymentPostprocessing = 0;
		};
		346D3D22233BD25F00E44B41 /* Frameworks */ = {
			isa = PBXFrameworksBuildPhase;
			buildActionMask = 2147483647;
			files = (
				BC9148F0275E5A66F6C57EB0 /* Pods_UnitTestDemoTests.framework in Frameworks */,
			);
			runOnlyForDeploymentPostprocessing = 0;
		};
/* End PBXFrameworksBuildPhase section */

/* Begin PBXGroup section */
		346D3D08233BD25D00E44B41 = {
			isa = PBXGroup;
			children = (
				346D3D13233BD25D00E44B41 /* UnitTestDemo */,
				346D3D28233BD25F00E44B41 /* UnitTestDemoTests */,
				346D3D12233BD25D00E44B41 /* Products */,
				A075CD61FE512FDBE1160FE8 /* Pods */,
				DA9BDFC9CB9E305D8A23E923 /* Frameworks */,
			);
			sourceTree = "<group>";
		};
		346D3D12233BD25D00E44B41 /* Products */ = {
			isa = PBXGroup;
			children = (
				346D3D11233BD25D00E44B41 /* UnitTestDemo.app */,
				346D3D25233BD25F00E44B41 /* UnitTestDemoTests.xctest */,
			);
			name = Products;
			sourceTree = "<group>";
		};
		346D3D13233BD25D00E44B41 /* UnitTestDemo */ = {
			isa = PBXGroup;
			children = (
				346D3D39233BEE6200E44B41 /* Cocktail */,
				346D3D37233BEE2A00E44B41 /* Common */,
				346D3D36233BEE2100E44B41 /* BMI */,
			);
			path = UnitTestDemo;
			sourceTree = "<group>";
		};
		346D3D28233BD25F00E44B41 /* UnitTestDemoTests */ = {
			isa = PBXGroup;
			children = (
				346D3D29233BD25F00E44B41 /* BMIViewModelRxTests.swift */,
				34BE57E423437E0B00AEB5AD /* CocktailViewModelTests.swift */,
				34BE57E223436D9900AEB5AD /* BMIViewModelTests.swift */,
				34BE57E6234380DB00AEB5AD /* MockDatabaseManager.swift */,
				34BE57E82343816700AEB5AD /* MockCocktailUsecase.swift */,
				346D3D2B233BD25F00E44B41 /* Info.plist */,
			);
			path = UnitTestDemoTests;
			sourceTree = "<group>";
		};
		346D3D36233BEE2100E44B41 /* BMI */ = {
			isa = PBXGroup;
			children = (
				346D3D16233BD25D00E44B41 /* ViewController.swift */,
				346D3D34233BD6F200E44B41 /* BMIViewModel.swift */,
				34BE57DE23435E4900AEB5AD /* BMIViewModelRx.swift */,
			);
			path = BMI;
			sourceTree = "<group>";
		};
		346D3D37233BEE2A00E44B41 /* Common */ = {
			isa = PBXGroup;
			children = (
				346D3D14233BD25D00E44B41 /* AppDelegate.swift */,
				346D3D18233BD25D00E44B41 /* Main.storyboard */,
				346D3D1B233BD25F00E44B41 /* Assets.xcassets */,
				346D3D1D233BD25F00E44B41 /* LaunchScreen.storyboard */,
				346D3D20233BD25F00E44B41 /* Info.plist */,
			);
			path = Common;
			sourceTree = "<group>";
		};
		346D3D39233BEE6200E44B41 /* Cocktail */ = {
			isa = PBXGroup;
			children = (
				346D3D3A233BEE8100E44B41 /* CocktailViewModel.swift */,
				34E35A9A233BF3FE004285A5 /* CocktailViewController.swift */,
				346D3D3C233BEEC200E44B41 /* CocktailModel.swift */,
				34CD7FD1233C8D6F00D47D0F /* DatabaseManager.swift */,
				346D3D3E233BF01600E44B41 /* Network */,
			);
			path = Cocktail;
			sourceTree = "<group>";
		};
		346D3D3E233BF01600E44B41 /* Network */ = {
			isa = PBXGroup;
			children = (
				346D3D3F233BF02800E44B41 /* CocktailTarget.swift */,
				34E35A98233BF2FE004285A5 /* CocktailUsecase.swift */,
			);
			path = Network;
			sourceTree = "<group>";
		};
		A075CD61FE512FDBE1160FE8 /* Pods */ = {
			isa = PBXGroup;
			children = (
				8E1ECF25474B61D0646701E4 /* Pods-UnitTestDemo.debug.xcconfig */,
				57FF1237E02C658E37B68476 /* Pods-UnitTestDemo.release.xcconfig */,
				2383A232069F45B15135179B /* Pods-UnitTestDemoTests.debug.xcconfig */,
				B799BE38E7349561CA5E7AEB /* Pods-UnitTestDemoTests.release.xcconfig */,
			);
			name = Pods;
			sourceTree = "<group>";
		};
		DA9BDFC9CB9E305D8A23E923 /* Frameworks */ = {
			isa = PBXGroup;
			children = (
				11AB16C55715128CEFF6169C /* Pods_UnitTestDemo.framework */,
				0F2737481F363291082D3FB0 /* Pods_UnitTestDemoTests.framework */,
			);
			name = Frameworks;
			sourceTree = "<group>";
		};
/* End PBXGroup section */

/* Begin PBXNativeTarget section */
		346D3D10233BD25D00E44B41 /* UnitTestDemo */ = {
			isa = PBXNativeTarget;
			buildConfigurationList = 346D3D2E233BD25F00E44B41 /* Build configuration list for PBXNativeTarget "UnitTestDemo" */;
			buildPhases = (
				C078F84DD970496BF7389ECA /* [CP] Check Pods Manifest.lock */,
				346D3D0D233BD25D00E44B41 /* Sources */,
				346D3D0E233BD25D00E44B41 /* Frameworks */,
				346D3D0F233BD25D00E44B41 /* Resources */,
				DD64EA037E5E35F76A620D49 /* [CP] Embed Pods Frameworks */,
			);
			buildRules = (
			);
			dependencies = (
			);
			name = UnitTestDemo;
			productName = UnitTestDemo;
			productReference = 346D3D11233BD25D00E44B41 /* UnitTestDemo.app */;
			productType = "com.apple.product-type.application";
		};
		346D3D24233BD25F00E44B41 /* UnitTestDemoTests */ = {
			isa = PBXNativeTarget;
			buildConfigurationList = 346D3D31233BD25F00E44B41 /* Build configuration list for PBXNativeTarget "UnitTestDemoTests" */;
			buildPhases = (
				9A788DB4EAE6BD0E83AE318D /* [CP] Check Pods Manifest.lock */,
				346D3D21233BD25F00E44B41 /* Sources */,
				346D3D22233BD25F00E44B41 /* Frameworks */,
				346D3D23233BD25F00E44B41 /* Resources */,
				67A1BB8E25CDF6284AEBCD99 /* [CP] Embed Pods Frameworks */,
			);
			buildRules = (
			);
			dependencies = (
				346D3D27233BD25F00E44B41 /* PBXTargetDependency */,
			);
			name = UnitTestDemoTests;
			productName = UnitTestDemoTests;
			productReference = 346D3D25233BD25F00E44B41 /* UnitTestDemoTests.xctest */;
			productType = "com.apple.product-type.bundle.unit-test";
		};
/* End PBXNativeTarget section */

/* Begin PBXProject section */
		346D3D09233BD25D00E44B41 /* Project object */ = {
			isa = PBXProject;
			attributes = {
				LastSwiftUpdateCheck = 1030;
				LastUpgradeCheck = 1030;
				ORGANIZATIONNAME = Tokopedia;
				TargetAttributes = {
					346D3D10233BD25D00E44B41 = {
						CreatedOnToolsVersion = 10.3;
					};
					346D3D24233BD25F00E44B41 = {
						CreatedOnToolsVersion = 10.3;
						TestTargetID = 346D3D10233BD25D00E44B41;
					};
				};
			};
			buildConfigurationList = 346D3D0C233BD25D00E44B41 /* Build configuration list for PBXProject "UnitTestDemo" */;
			compatibilityVersion = "Xcode 9.3";
			developmentRegion = en;
			hasScannedForEncodings = 0;
			knownRegions = (
				en,
				Base,
			);
			mainGroup = 346D3D08233BD25D00E44B41;
			productRefGroup = 346D3D12233BD25D00E44B41 /* Products */;
			projectDirPath = "";
			projectRoot = "";
			targets = (
				346D3D10233BD25D00E44B41 /* UnitTestDemo */,
				346D3D24233BD25F00E44B41 /* UnitTestDemoTests */,
			);
		};
/* End PBXProject section */

/* Begin PBXResourcesBuildPhase section */
		346D3D0F233BD25D00E44B41 /* Resources */ = {
			isa = PBXResourcesBuildPhase;
			buildActionMask = 2147483647;
			files = (
				346D3D1F233BD25F00E44B41 /* LaunchScreen.storyboard in Resources */,
				346D3D1C233BD25F00E44B41 /* Assets.xcassets in Resources */,
				346D3D1A233BD25D00E44B41 /* Main.storyboard in Resources */,
			);
			runOnlyForDeploymentPostprocessing = 0;
		};
		346D3D23233BD25F00E44B41 /* Resources */ = {
			isa = PBXResourcesBuildPhase;
			buildActionMask = 2147483647;
			files = (
			);
			runOnlyForDeploymentPostprocessing = 0;
		};
/* End PBXResourcesBuildPhase section */

/* Begin PBXShellScriptBuildPhase section */
		67A1BB8E25CDF6284AEBCD99 /* [CP] Embed Pods Frameworks */ = {
			isa = PBXShellScriptBuildPhase;
			buildActionMask = 2147483647;
			files = (
			);
			inputFileListPaths = (
			);
			inputPaths = (
				"${SRCROOT}/Pods/Target Support Files/Pods-UnitTestDemoTests/Pods-UnitTestDemoTests-frameworks.sh",
				"${BUILT_PRODUCTS_DIR}/RxSwift/RxSwift.framework",
				"${BUILT_PRODUCTS_DIR}/Nimble/Nimble.framework",
				"${BUILT_PRODUCTS_DIR}/Quick/Quick.framework",
				"${BUILT_PRODUCTS_DIR}/RxBlocking/RxBlocking.framework",
				"${BUILT_PRODUCTS_DIR}/RxTest/RxTest.framework",
			);
			name = "[CP] Embed Pods Frameworks";
			outputFileListPaths = (
			);
			outputPaths = (
				"${TARGET_BUILD_DIR}/${FRAMEWORKS_FOLDER_PATH}/RxSwift.framework",
				"${TARGET_BUILD_DIR}/${FRAMEWORKS_FOLDER_PATH}/Nimble.framework",
				"${TARGET_BUILD_DIR}/${FRAMEWORKS_FOLDER_PATH}/Quick.framework",
				"${TARGET_BUILD_DIR}/${FRAMEWORKS_FOLDER_PATH}/RxBlocking.framework",
				"${TARGET_BUILD_DIR}/${FRAMEWORKS_FOLDER_PATH}/RxTest.framework",
			);
			runOnlyForDeploymentPostprocessing = 0;
			shellPath = /bin/sh;
			shellScript = "\"${SRCROOT}/Pods/Target Support Files/Pods-UnitTestDemoTests/Pods-UnitTestDemoTests-frameworks.sh\"\n";
			showEnvVarsInLog = 0;
		};
		9A788DB4EAE6BD0E83AE318D /* [CP] Check Pods Manifest.lock */ = {
			isa = PBXShellScriptBuildPhase;
			buildActionMask = 2147483647;
			files = (
			);
			inputFileListPaths = (
			);
			inputPaths = (
				"${PODS_PODFILE_DIR_PATH}/Podfile.lock",
				"${PODS_ROOT}/Manifest.lock",
			);
			name = "[CP] Check Pods Manifest.lock";
			outputFileListPaths = (
			);
			outputPaths = (
				"$(DERIVED_FILE_DIR)/Pods-UnitTestDemoTests-checkManifestLockResult.txt",
			);
			runOnlyForDeploymentPostprocessing = 0;
			shellPath = /bin/sh;
			shellScript = "diff \"${PODS_PODFILE_DIR_PATH}/Podfile.lock\" \"${PODS_ROOT}/Manifest.lock\" > /dev/null\nif [ $? != 0 ] ; then\n    # print error to STDERR\n    echo \"error: The sandbox is not in sync with the Podfile.lock. Run 'pod install' or update your CocoaPods installation.\" >&2\n    exit 1\nfi\n# This output is used by Xcode 'outputs' to avoid re-running this script phase.\necho \"SUCCESS\" > \"${SCRIPT_OUTPUT_FILE_0}\"\n";
			showEnvVarsInLog = 0;
		};
		C078F84DD970496BF7389ECA /* [CP] Check Pods Manifest.lock */ = {
			isa = PBXShellScriptBuildPhase;
			buildActionMask = 2147483647;
			files = (
			);
			inputFileListPaths = (
			);
			inputPaths = (
				"${PODS_PODFILE_DIR_PATH}/Podfile.lock",
				"${PODS_ROOT}/Manifest.lock",
			);
			name = "[CP] Check Pods Manifest.lock";
			outputFileListPaths = (
			);
			outputPaths = (
				"$(DERIVED_FILE_DIR)/Pods-UnitTestDemo-checkManifestLockResult.txt",
			);
			runOnlyForDeploymentPostprocessing = 0;
			shellPath = /bin/sh;
			shellScript = "diff \"${PODS_PODFILE_DIR_PATH}/Podfile.lock\" \"${PODS_ROOT}/Manifest.lock\" > /dev/null\nif [ $? != 0 ] ; then\n    # print error to STDERR\n    echo \"error: The sandbox is not in sync with the Podfile.lock. Run 'pod install' or update your CocoaPods installation.\" >&2\n    exit 1\nfi\n# This output is used by Xcode 'outputs' to avoid re-running this script phase.\necho \"SUCCESS\" > \"${SCRIPT_OUTPUT_FILE_0}\"\n";
			showEnvVarsInLog = 0;
		};
		DD64EA037E5E35F76A620D49 /* [CP] Embed Pods Frameworks */ = {
			isa = PBXShellScriptBuildPhase;
			buildActionMask = 2147483647;
			files = (
			);
			inputFileListPaths = (
			);
			inputPaths = (
				"${SRCROOT}/Pods/Target Support Files/Pods-UnitTestDemo/Pods-UnitTestDemo-frameworks.sh",
				"${BUILT_PRODUCTS_DIR}/Alamofire/Alamofire.framework",
				"${BUILT_PRODUCTS_DIR}/Moya/Moya.framework",
				"${BUILT_PRODUCTS_DIR}/Result/Result.framework",
				"${BUILT_PRODUCTS_DIR}/RxCocoa/RxCocoa.framework",
				"${BUILT_PRODUCTS_DIR}/RxSwift/RxSwift.framework",
			);
			name = "[CP] Embed Pods Frameworks";
			outputFileListPaths = (
			);
			outputPaths = (
				"${TARGET_BUILD_DIR}/${FRAMEWORKS_FOLDER_PATH}/Alamofire.framework",
				"${TARGET_BUILD_DIR}/${FRAMEWORKS_FOLDER_PATH}/Moya.framework",
				"${TARGET_BUILD_DIR}/${FRAMEWORKS_FOLDER_PATH}/Result.framework",
				"${TARGET_BUILD_DIR}/${FRAMEWORKS_FOLDER_PATH}/RxCocoa.framework",
				"${TARGET_BUILD_DIR}/${FRAMEWORKS_FOLDER_PATH}/RxSwift.framework",
			);
			runOnlyForDeploymentPostprocessing = 0;
			shellPath = /bin/sh;
			shellScript = "\"${SRCROOT}/Pods/Target Support Files/Pods-UnitTestDemo/Pods-UnitTestDemo-frameworks.sh\"\n";
			showEnvVarsInLog = 0;
		};
/* End PBXShellScriptBuildPhase section */

/* Begin PBXSourcesBuildPhase section */
		346D3D0D233BD25D00E44B41 /* Sources */ = {
			isa = PBXSourcesBuildPhase;
			buildActionMask = 2147483647;
			files = (
				34E35A9B233BF3FE004285A5 /* CocktailViewController.swift in Sources */,
				346D3D3D233BEEC200E44B41 /* CocktailModel.swift in Sources */,
				34BE57DF23435E4900AEB5AD /* BMIViewModelRx.swift in Sources */,
				34E35A99233BF2FE004285A5 /* CocktailUsecase.swift in Sources */,
				346D3D3B233BEE8100E44B41 /* CocktailViewModel.swift in Sources */,
				346D3D17233BD25D00E44B41 /* ViewController.swift in Sources */,
				346D3D15233BD25D00E44B41 /* AppDelegate.swift in Sources */,
				346D3D40233BF02800E44B41 /* CocktailTarget.swift in Sources */,
				346D3D35233BD6F200E44B41 /* BMIViewModel.swift in Sources */,
				34CD7FD2233C8D6F00D47D0F /* DatabaseManager.swift in Sources */,
			);
			runOnlyForDeploymentPostprocessing = 0;
		};
		346D3D21233BD25F00E44B41 /* Sources */ = {
			isa = PBXSourcesBuildPhase;
			buildActionMask = 2147483647;
			files = (
				346D3D2A233BD25F00E44B41 /* BMIViewModelRxTests.swift in Sources */,
				34BE57E323436D9900AEB5AD /* BMIViewModelTests.swift in Sources */,
				34BE57E7234380DB00AEB5AD /* MockDatabaseManager.swift in Sources */,
				34BE57E92343816700AEB5AD /* MockCocktailUsecase.swift in Sources */,
				34BE57E523437E0B00AEB5AD /* CocktailViewModelTests.swift in Sources */,
			);
			runOnlyForDeploymentPostprocessing = 0;
		};
/* End PBXSourcesBuildPhase section */

/* Begin PBXTargetDependency section */
		346D3D27233BD25F00E44B41 /* PBXTargetDependency */ = {
			isa = PBXTargetDependency;
			target = 346D3D10233BD25D00E44B41 /* UnitTestDemo */;
			targetProxy = 346D3D26233BD25F00E44B41 /* PBXContainerItemProxy */;
		};
/* End PBXTargetDependency section */

/* Begin PBXVariantGroup section */
		346D3D18233BD25D00E44B41 /* Main.storyboard */ = {
			isa = PBXVariantGroup;
			children = (
				346D3D19233BD25D00E44B41 /* Base */,
			);
			name = Main.storyboard;
			sourceTree = "<group>";
		};
		346D3D1D233BD25F00E44B41 /* LaunchScreen.storyboard */ = {
			isa = PBXVariantGroup;
			children = (
				346D3D1E233BD25F00E44B41 /* Base */,
			);
			name = LaunchScreen.storyboard;
			sourceTree = "<group>";
		};
/* End PBXVariantGroup section */

/* Begin XCBuildConfiguration section */
		346D3D2C233BD25F00E44B41 /* Debug */ = {
			isa = XCBuildConfiguration;
			buildSettings = {
				ALWAYS_SEARCH_USER_PATHS = NO;
				CLANG_ANALYZER_NONNULL = YES;
				CLANG_ANALYZER_NUMBER_OBJECT_CONVERSION = YES_AGGRESSIVE;
				CLANG_CXX_LANGUAGE_STANDARD = "gnu++14";
				CLANG_CXX_LIBRARY = "libc++";
				CLANG_ENABLE_MODULES = YES;
				CLANG_ENABLE_OBJC_ARC = YES;
				CLANG_ENABLE_OBJC_WEAK = YES;
				CLANG_WARN_BLOCK_CAPTURE_AUTORELEASING = YES;
				CLANG_WARN_BOOL_CONVERSION = YES;
				CLANG_WARN_COMMA = YES;
				CLANG_WARN_CONSTANT_CONVERSION = YES;
				CLANG_WARN_DEPRECATED_OBJC_IMPLEMENTATIONS = YES;
				CLANG_WARN_DIRECT_OBJC_ISA_USAGE = YES_ERROR;
				CLANG_WARN_DOCUMENTATION_COMMENTS = YES;
				CLANG_WARN_EMPTY_BODY = YES;
				CLANG_WARN_ENUM_CONVERSION = YES;
				CLANG_WARN_INFINITE_RECURSION = YES;
				CLANG_WARN_INT_CONVERSION = YES;
				CLANG_WARN_NON_LITERAL_NULL_CONVERSION = YES;
				CLANG_WARN_OBJC_IMPLICIT_RETAIN_SELF = YES;
				CLANG_WARN_OBJC_LITERAL_CONVERSION = YES;
				CLANG_WARN_OBJC_ROOT_CLASS = YES_ERROR;
				CLANG_WARN_RANGE_LOOP_ANALYSIS = YES;
				CLANG_WARN_STRICT_PROTOTYPES = YES;
				CLANG_WARN_SUSPICIOUS_MOVE = YES;
				CLANG_WARN_UNGUARDED_AVAILABILITY = YES_AGGRESSIVE;
				CLANG_WARN_UNREACHABLE_CODE = YES;
				CLANG_WARN__DUPLICATE_METHOD_MATCH = YES;
				CODE_SIGN_IDENTITY = "iPhone Developer";
				COPY_PHASE_STRIP = NO;
				DEBUG_INFORMATION_FORMAT = dwarf;
				ENABLE_STRICT_OBJC_MSGSEND = YES;
				ENABLE_TESTABILITY = YES;
				GCC_C_LANGUAGE_STANDARD = gnu11;
				GCC_DYNAMIC_NO_PIC = NO;
				GCC_NO_COMMON_BLOCKS = YES;
				GCC_OPTIMIZATION_LEVEL = 0;
				GCC_PREPROCESSOR_DEFINITIONS = (
					"DEBUG=1",
					"$(inherited)",
				);
				GCC_WARN_64_TO_32_BIT_CONVERSION = YES;
				GCC_WARN_ABOUT_RETURN_TYPE = YES_ERROR;
				GCC_WARN_UNDECLARED_SELECTOR = YES;
				GCC_WARN_UNINITIALIZED_AUTOS = YES_AGGRESSIVE;
				GCC_WARN_UNUSED_FUNCTION = YES;
				GCC_WARN_UNUSED_VARIABLE = YES;
				IPHONEOS_DEPLOYMENT_TARGET = 12.4;
				MTL_ENABLE_DEBUG_INFO = INCLUDE_SOURCE;
				MTL_FAST_MATH = YES;
				ONLY_ACTIVE_ARCH = YES;
				SDKROOT = iphoneos;
				SWIFT_ACTIVE_COMPILATION_CONDITIONS = DEBUG;
				SWIFT_OPTIMIZATION_LEVEL = "-Onone";
			};
			name = Debug;
		};
		346D3D2D233BD25F00E44B41 /* Release */ = {
			isa = XCBuildConfiguration;
			buildSettings = {
				ALWAYS_SEARCH_USER_PATHS = NO;
				CLANG_ANALYZER_NONNULL = YES;
				CLANG_ANALYZER_NUMBER_OBJECT_CONVERSION = YES_AGGRESSIVE;
				CLANG_CXX_LANGUAGE_STANDARD = "gnu++14";
				CLANG_CXX_LIBRARY = "libc++";
				CLANG_ENABLE_MODULES = YES;
				CLANG_ENABLE_OBJC_ARC = YES;
				CLANG_ENABLE_OBJC_WEAK = YES;
				CLANG_WARN_BLOCK_CAPTURE_AUTORELEASING = YES;
				CLANG_WARN_BOOL_CONVERSION = YES;
				CLANG_WARN_COMMA = YES;
				CLANG_WARN_CONSTANT_CONVERSION = YES;
				CLANG_WARN_DEPRECATED_OBJC_IMPLEMENTATIONS = YES;
				CLANG_WARN_DIRECT_OBJC_ISA_USAGE = YES_ERROR;
				CLANG_WARN_DOCUMENTATION_COMMENTS = YES;
				CLANG_WARN_EMPTY_BODY = YES;
				CLANG_WARN_ENUM_CONVERSION = YES;
				CLANG_WARN_INFINITE_RECURSION = YES;
				CLANG_WARN_INT_CONVERSION = YES;
				CLANG_WARN_NON_LITERAL_NULL_CONVERSION = YES;
				CLANG_WARN_OBJC_IMPLICIT_RETAIN_SELF = YES;
				CLANG_WARN_OBJC_LITERAL_CONVERSION = YES;
				CLANG_WARN_OBJC_ROOT_CLASS = YES_ERROR;
				CLANG_WARN_RANGE_LOOP_ANALYSIS = YES;
				CLANG_WARN_STRICT_PROTOTYPES = YES;
				CLANG_WARN_SUSPICIOUS_MOVE = YES;
				CLANG_WARN_UNGUARDED_AVAILABILITY = YES_AGGRESSIVE;
				CLANG_WARN_UNREACHABLE_CODE = YES;
				CLANG_WARN__DUPLICATE_METHOD_MATCH = YES;
				CODE_SIGN_IDENTITY = "iPhone Developer";
				COPY_PHASE_STRIP = NO;
				DEBUG_INFORMATION_FORMAT = "dwarf-with-dsym";
				ENABLE_NS_ASSERTIONS = NO;
				ENABLE_STRICT_OBJC_MSGSEND = YES;
				GCC_C_LANGUAGE_STANDARD = gnu11;
				GCC_NO_COMMON_BLOCKS = YES;
				GCC_WARN_64_TO_32_BIT_CONVERSION = YES;
				GCC_WARN_ABOUT_RETURN_TYPE = YES_ERROR;
				GCC_WARN_UNDECLARED_SELECTOR = YES;
				GCC_WARN_UNINITIALIZED_AUTOS = YES_AGGRESSIVE;
				GCC_WARN_UNUSED_FUNCTION = YES;
				GCC_WARN_UNUSED_VARIABLE = YES;
				IPHONEOS_DEPLOYMENT_TARGET = 12.4;
				MTL_ENABLE_DEBUG_INFO = NO;
				MTL_FAST_MATH = YES;
				SDKROOT = iphoneos;
				SWIFT_COMPILATION_MODE = wholemodule;
				SWIFT_OPTIMIZATION_LEVEL = "-O";
				VALIDATE_PRODUCT = YES;
			};
			name = Release;
		};
		346D3D2F233BD25F00E44B41 /* Debug */ = {
			isa = XCBuildConfiguration;
			baseConfigurationReference = 8E1ECF25474B61D0646701E4 /* Pods-UnitTestDemo.debug.xcconfig */;
			buildSettings = {
				ASSETCATALOG_COMPILER_APPICON_NAME = AppIcon;
				CODE_SIGN_STYLE = Automatic;
				INFOPLIST_FILE = "$(SRCROOT)/UnitTestDemo/Common/Info.plist";
				LD_RUNPATH_SEARCH_PATHS = (
					"$(inherited)",
					"@executable_path/Frameworks",
				);
				PRODUCT_BUNDLE_IDENTIFIER = com.tokopedia.UnitTestDemo;
				PRODUCT_NAME = "$(TARGET_NAME)";
				SWIFT_VERSION = 5.0;
				TARGETED_DEVICE_FAMILY = "1,2";
			};
			name = Debug;
		};
		346D3D30233BD25F00E44B41 /* Release */ = {
			isa = XCBuildConfiguration;
			baseConfigurationReference = 57FF1237E02C658E37B68476 /* Pods-UnitTestDemo.release.xcconfig */;
			buildSettings = {
				ASSETCATALOG_COMPILER_APPICON_NAME = AppIcon;
				CODE_SIGN_STYLE = Automatic;
				INFOPLIST_FILE = "$(SRCROOT)/UnitTestDemo/Common/Info.plist";
				LD_RUNPATH_SEARCH_PATHS = (
					"$(inherited)",
					"@executable_path/Frameworks",
				);
				PRODUCT_BUNDLE_IDENTIFIER = com.tokopedia.UnitTestDemo;
				PRODUCT_NAME = "$(TARGET_NAME)";
				SWIFT_VERSION = 5.0;
				TARGETED_DEVICE_FAMILY = "1,2";
			};
			name = Release;
		};
		346D3D32233BD25F00E44B41 /* Debug */ = {
			isa = XCBuildConfiguration;
			baseConfigurationReference = 2383A232069F45B15135179B /* Pods-UnitTestDemoTests.debug.xcconfig */;
			buildSettings = {
				ALWAYS_EMBED_SWIFT_STANDARD_LIBRARIES = YES;
				BUNDLE_LOADER = "$(TEST_HOST)";
				CODE_SIGN_STYLE = Automatic;
				INFOPLIST_FILE = UnitTestDemoTests/Info.plist;
				LD_RUNPATH_SEARCH_PATHS = (
					"$(inherited)",
					"@executable_path/Frameworks",
					"@loader_path/Frameworks",
				);
				PRODUCT_BUNDLE_IDENTIFIER = com.tokopedia.UnitTestDemoTests;
				PRODUCT_NAME = "$(TARGET_NAME)";
				SWIFT_VERSION = 5.0;
				TARGETED_DEVICE_FAMILY = "1,2";
				TEST_HOST = "$(BUILT_PRODUCTS_DIR)/UnitTestDemo.app/UnitTestDemo";
			};
			name = Debug;
		};
		346D3D33233BD25F00E44B41 /* Release */ = {
			isa = XCBuildConfiguration;
			baseConfigurationReference = B799BE38E7349561CA5E7AEB /* Pods-UnitTestDemoTests.release.xcconfig */;
			buildSettings = {
				ALWAYS_EMBED_SWIFT_STANDARD_LIBRARIES = YES;
				BUNDLE_LOADER = "$(TEST_HOST)";
				CODE_SIGN_STYLE = Automatic;
				INFOPLIST_FILE = UnitTestDemoTests/Info.plist;
				LD_RUNPATH_SEARCH_PATHS = (
					"$(inherited)",
					"@executable_path/Frameworks",
					"@loader_path/Frameworks",
				);
				PRODUCT_BUNDLE_IDENTIFIER = com.tokopedia.UnitTestDemoTests;
				PRODUCT_NAME = "$(TARGET_NAME)";
				SWIFT_VERSION = 5.0;
				TARGETED_DEVICE_FAMILY = "1,2";
				TEST_HOST = "$(BUILT_PRODUCTS_DIR)/UnitTestDemo.app/UnitTestDemo";
			};
			name = Release;
		};
/* End XCBuildConfiguration section */

/* Begin XCConfigurationList section */
		346D3D0C233BD25D00E44B41 /* Build configuration list for PBXProject "UnitTestDemo" */ = {
			isa = XCConfigurationList;
			buildConfigurations = (
				346D3D2C233BD25F00E44B41 /* Debug */,
				346D3D2D233BD25F00E44B41 /* Release */,
			);
			defaultConfigurationIsVisible = 0;
			defaultConfigurationName = Release;
		};
		346D3D2E233BD25F00E44B41 /* Build configuration list for PBXNativeTarget "UnitTestDemo" */ = {
			isa = XCConfigurationList;
			buildConfigurations = (
				346D3D2F233BD25F00E44B41 /* Debug */,
				346D3D30233BD25F00E44B41 /* Release */,
			);
			defaultConfigurationIsVisible = 0;
			defaultConfigurationName = Release;
		};
		346D3D31233BD25F00E44B41 /* Build configuration list for PBXNativeTarget "UnitTestDemoTests" */ = {
			isa = XCConfigurationList;
			buildConfigurations = (
				346D3D32233BD25F00E44B41 /* Debug */,
				346D3D33233BD25F00E44B41 /* Release */,
			);
			defaultConfigurationIsVisible = 0;
			defaultConfigurationName = Release;
		};
/* End XCConfigurationList section */
	};
	rootObject = 346D3D09233BD25D00E44B41 /* Project object */;
}
